{
  "name": "northdale",
  "version": "1.0.0",
  "lockfileVersion": 2,
  "requires": true,
  "packages": {
    "": {
      "name": "northdale",
      "version": "1.0.0",
      "license": "ISC",
      "dependencies": {
        "@splidejs/splide": "^4.0.7",
        "@splidejs/splide-extension-grid": "^0.4.1"
      }
    },
    "node_modules/@splidejs/splide": {
      "version": "4.0.7",
      "resolved": "https://registry.npmjs.org/@splidejs/splide/-/splide-4.0.7.tgz",
      "integrity": "sha512-aJAOGJN2lwjwou3mxQofc3uhe+RXpw9in0WfysFX7AMT/mj7wSqoetfm41s7J8jU6FJ3ZWaLYgSJIpBAQ5wyqw=="
    },
    "node_modules/@splidejs/splide-extension-grid": {
      "version": "0.4.1",
      "resolved": "https://registry.npmjs.org/@splidejs/splide-extension-grid/-/splide-extension-grid-0.4.1.tgz",
      "integrity": "sha512-XM3pl5VKvmoybwZRrv4xE8Hff2mT6Chl9GnGd8nQogo4ZtTgxzqAZqBxLvhrl5UuUswIdmNoRmMeeEgx9twrvw=="
    }
  },
  "dependencies": {
    "@splidejs/splide": {
      "version": "4.0.7",
      "resolved": "https://registry.npmjs.org/@splidejs/splide/-/splide-4.0.7.tgz",
      "integrity": "sha512-aJAOGJN2lwjwou3mxQofc3uhe+RXpw9in0WfysFX7AMT/mj7wSqoetfm41s7J8jU6FJ3ZWaLYgSJIpBAQ5wyqw=="
    },
    "@splidejs/splide-extension-grid": {
      "version": "0.4.1",
      "resolved": "https://registry.npmjs.org/@splidejs/splide-extension-grid/-/splide-extension-grid-0.4.1.tgz",
      "integrity": "sha512-XM3pl5VKvmoybwZRrv4xE8Hff2mT6Chl9GnGd8nQogo4ZtTgxzqAZqBxLvhrl5UuUswIdmNoRmMeeEgx9twrvw=="
    }
  }
}
